# @generated - this file is auto-generated by `mise lock` https://mise.jdx.dev/dev-tools/mise-lock.html

[[tools.git-cliff]]
version = "2.14.1"
backend = "aqua:orhun/git-cliff"

[tools.git-cliff."platforms.linux-arm64"]
checksum = "sha256:ee79fa39a8bb100b12937b0ac4800cc4436ae48f678ef8a1502ce99754552b0c"
url = "https://github.com/orhun/git-cliff/releases/download/v2.14.1/git-cliff-2.14.1-aarch64-unknown-linux-musl.tar.gz"
url_api = "https://api.github.com/repos/orhun/git-cliff/releases/assets/539696760"

[tools.git-cliff."platforms.linux-arm64-musl"]
checksum = "sha256:ee79fa39a8bb100b12937b0ac4800cc4436ae48f678ef8a1502ce99754552b0c"
url = "https://github.com/orhun/git-cliff/releases/download/v2.14.1/git-cliff-2.14.1-aarch64-unknown-linux-musl.tar.gz"
url_api = "https://api.github.com/repos/orhun/git-cliff/releases/assets/539696760"

[tools.git-cliff."platforms.linux-x64"]
checksum = "sha256:cba6ae86f0a4205784eed8ef049fe53c904138806e33a1bda2e25026b17198eb"
url = "https://github.com/orhun/git-cliff/releases/download/v2.14.1/git-cliff-2.14.1-x86_64-unknown-linux-musl.tar.gz"
url_api = "https://api.github.com/repos/orhun/git-cliff/releases/assets/539696922"

[tools.git-cliff."platforms.linux-x64-musl"]
checksum = "sha256:cba6ae86f0a4205784eed8ef049fe53c904138806e33a1bda2e25026b17198eb"
url = "https://github.com/orhun/git-cliff/releases/download/v2.14.1/git-cliff-2.14.1-x86_64-unknown-linux-musl.tar.gz"
url_api = "https://api.github.com/repos/orhun/git-cliff/releases/assets/539696922"

[tools.git-cliff."platforms.macos-arm64"]
checksum = "sha256:2e2d1f60963aa6a201dbd21df14d7f44025328b8bb33437695f15a516598615a"
url = "https://github.com/orhun/git-cliff/releases/download/v2.14.1/git-cliff-2.14.1-aarch64-apple-darwin.tar.gz"
url_api = "https://api.github.com/repos/orhun/git-cliff/releases/assets/539696537"

[tools.git-cliff."platforms.macos-x64"]
checksum = "sha256:d1ca51bfd8b8c2a09434532bdb85bab50179b7c0bde2378aa48f3c1a7dc2fd36"
url = "https://github.com/orhun/git-cliff/releases/download/v2.14.1/git-cliff-2.14.1-x86_64-apple-darwin.tar.gz"
url_api = "https://api.github.com/repos/orhun/git-cliff/releases/assets/539697282"

[tools.git-cliff."platforms.windows-x64"]
checksum = "sha256:791aa263079aa7894e24d4e2f8e978aa6214e9dd9dbf04f79ae5f3565758f1a1"
url = "https://github.com/orhun/git-cliff/releases/download/v2.14.1/git-cliff-2.14.1-x86_64-pc-windows-msvc.zip"
url_api = "https://api.github.com/repos/orhun/git-cliff/releases/assets/539702434"

[[tools."github:qltysh/qlty"]]
version = "0.644.0"
backend = "github:qltysh/qlty"

[tools."github:qltysh/qlty"."platforms.linux-arm64"]
checksum = "sha256:714bfbff370d5111bf0bc97c2ea3432c782402ca41d810845e915cff030444d3"
url = "https://github.com/qltysh/qlty/releases/download/v0.644.0/qlty-aarch64-unknown-linux-gnu.tar.xz"
url_api = "https://api.github.com/repos/qltysh/qlty/releases/assets/534318668"
provenance = "github-attestations"

[tools."github:qltysh/qlty"."platforms.linux-arm64-musl"]
checksum = "sha256:3abcb2131d4cd51f62e13c49faf41efd48c7aa2eb0957249a24dfac09bbff6f0"
url = "https://github.com/qltysh/qlty/releases/download/v0.644.0/qlty-aarch64-unknown-linux-musl.tar.xz"
url_api = "https://api.github.com/repos/qltysh/qlty/releases/assets/534318672"
provenance = "github-attestations"

[tools."github:qltysh/qlty"."platforms.linux-x64"]
checksum = "sha256:0c080c85c7b13da93956482002e5b02eb943fdd61014ad894b5d47b19982b5c7"
url = "https://github.com/qltysh/qlty/releases/download/v0.644.0/qlty-x86_64-unknown-linux-gnu.tar.xz"
url_api = "https://api.github.com/repos/qltysh/qlty/releases/assets/534318688"
provenance = "github-attestations"
provenance_verified = true

[tools."github:qltysh/qlty"."platforms.linux-x64-musl"]
checksum = "sha256:9877dceeabc2d91ee57e94eeec818de0b665b97d288af54015e024c7a9c70353"
url = "https://github.com/qltysh/qlty/releases/download/v0.644.0/qlty-x86_64-unknown-linux-musl.tar.xz"
url_api = "https://api.github.com/repos/qltysh/qlty/releases/assets/534318693"
provenance = "github-attestations"

[tools."github:qltysh/qlty"."platforms.macos-arm64"]
checksum = "sha256:b714064748c319bb37be721ebb561e939a4cc4b87d337024b974319a32e9e767"
url = "https://github.com/qltysh/qlty/releases/download/v0.644.0/qlty-aarch64-apple-darwin.tar.xz"
url_api = "https://api.github.com/repos/qltysh/qlty/releases/assets/534318667"
provenance = "github-attestations"

[tools."github:qltysh/qlty"."platforms.macos-x64"]
checksum = "sha256:218ccd5d0885495344138a032e6644ef409c2a4c73711216a965d4d910aebf9e"
url = "https://github.com/qltysh/qlty/releases/download/v0.644.0/qlty-x86_64-apple-darwin.tar.xz"
url_api = "https://api.github.com/repos/qltysh/qlty/releases/assets/534318675"
provenance = "github-attestations"

[tools."github:qltysh/qlty"."platforms.windows-x64"]
checksum = "sha256:39867a47502017a311c66ae7d8d03e60e4085cb19b31e590bfbbddf15c50ee0f"
url = "https://github.com/qltysh/qlty/releases/download/v0.644.0/qlty-x86_64-pc-windows-msvc.zip"
url_api = "https://api.github.com/repos/qltysh/qlty/releases/assets/534318681"
provenance = "github-attestations"

[[tools.node]]
version = "24.18.0"
backend = "core:node"

[tools.node."platforms.linux-arm64"]
checksum = "sha256:6b4484c2190274175df9aa8f28e2d758a819cb1c1fe6ab481e2f95b463ab8508"
url = "https://nodejs.org/dist/v24.18.0/node-v24.18.0-linux-arm64.tar.gz"

[tools.node."platforms.linux-arm64-musl"]
checksum = "sha256:b1c6c2dc31b46dd8fb2322f4fe75b07e775c5120bc37251deeea28f529d4567b"
url = "https://unofficial-builds.nodejs.org/download/release/v24.18.0/node-v24.18.0-linux-arm64-musl.tar.gz"

[tools.node."platforms.linux-x64"]
checksum = "sha256:783130984963db7ba9cbd01089eaf2c2efb055c7c1693c943174b967b3050cb8"
url = "https://nodejs.org/dist/v24.18.0/node-v24.18.0-linux-x64.tar.gz"

[tools.node."platforms.linux-x64-musl"]
checksum = "sha256:ea58409911e141ec6b19d9178efa2d9185a13295005b1cbf5521b3157eed1d95"
url = "https://unofficial-builds.nodejs.org/download/release/v24.18.0/node-v24.18.0-linux-x64-musl.tar.gz"

[tools.node."platforms.macos-arm64"]
checksum = "sha256:e1a97e14c99c803e96c7339403282ea05a499c32f8d83defe9ef5ec66f979ed1"
url = "https://nodejs.org/dist/v24.18.0/node-v24.18.0-darwin-arm64.tar.gz"

[tools.node."platforms.macos-x64"]
checksum = "sha256:dfd0dbd3e721503434df7b7205e719f61b3a3a31b2bcf9729b8b91fea240f080"
url = "https://nodejs.org/dist/v24.18.0/node-v24.18.0-darwin-x64.tar.gz"

[tools.node."platforms.windows-x64"]
checksum = "sha256:0ae68406b42d7725661da979b1403ec9926da205c6770827f33aac9d8f26e821"
url = "https://nodejs.org/dist/v24.18.0/node-v24.18.0-win-x64.zip"

[[tools."npm:@commitlint/cli"]]
version = "21.2.2"
backend = "npm:@commitlint/cli"

[[tools."pkgx:gnu.org/bash"]]
version = "5.2.37"
backend = "pkgx:gnu.org/bash"

[tools."pkgx:gnu.org/bash"."platforms.linux-arm64"]
checksum = "sha256:0723508a10032429e5c9d772ee21a689135f65f37d6c3ad564fe98006f6b57c9"
url = "https://dist.pkgx.dev/gnu.org/bash/linux/aarch64/v5.2.37.tar.xz"
pkgx_deps = []
pkgx_provides = [
    "bin/bash",
    "bin/bashbug",
]

[tools."pkgx:gnu.org/bash"."platforms.linux-arm64-musl"]
checksum = "sha256:0723508a10032429e5c9d772ee21a689135f65f37d6c3ad564fe98006f6b57c9"
url = "https://dist.pkgx.dev/gnu.org/bash/linux/aarch64/v5.2.37.tar.xz"
pkgx_deps = []
pkgx_provides = [
    "bin/bash",
    "bin/bashbug",
]

[tools."pkgx:gnu.org/bash"."platforms.linux-x64"]
checksum = "sha256:ad27e75639958e3aad6aaa005d9d1b87cea7c55b7ade49547c73ea86588a8f09"
url = "https://dist.pkgx.dev/gnu.org/bash/linux/x86-64/v5.2.37.tar.xz"
pkgx_deps = []
pkgx_provides = [
    "bin/bash",
    "bin/bashbug",
]

[tools."pkgx:gnu.org/bash"."platforms.linux-x64-musl"]
checksum = "sha256:ad27e75639958e3aad6aaa005d9d1b87cea7c55b7ade49547c73ea86588a8f09"
url = "https://dist.pkgx.dev/gnu.org/bash/linux/x86-64/v5.2.37.tar.xz"
pkgx_deps = []
pkgx_provides = [
    "bin/bash",
    "bin/bashbug",
]

[tools."pkgx:gnu.org/bash"."platforms.macos-arm64"]
checksum = "sha256:27153914dcd97f611c938dd86f8463095d8e15328c0254b2efc5ec24a4178269"
url = "https://dist.pkgx.dev/gnu.org/bash/darwin/aarch64/v5.2.37.tar.xz"
pkgx_deps = []
pkgx_provides = [
    "bin/bash",
    "bin/bashbug",
]

[tools."pkgx:gnu.org/bash"."platforms.macos-x64"]
checksum = "sha256:f0c7a25fc9e1881078078e08a10ec30ad9bd4e0d65f7df20ae6e07a5114403ce"
url = "https://dist.pkgx.dev/gnu.org/bash/darwin/x86-64/v5.2.37.tar.xz"
pkgx_deps = []
pkgx_provides = [
    "bin/bash",
    "bin/bashbug",
]

[[tools.prek]]
version = "0.5.3"
backend = "aqua:j178/prek"

[tools.prek."platforms.linux-arm64"]
checksum = "sha256:ad3fe48802a02ec82286ab842c4a09a4e1db765e402f1fcc016f75b6929ec480"
url = "https://github.com/j178/prek/releases/download/v0.5.3/prek-aarch64-unknown-linux-musl.tar.gz"
url_api = "https://api.github.com/repos/j178/prek/releases/assets/560889200"
provenance = "github-attestations"

[tools.prek."platforms.linux-arm64-musl"]
checksum = "sha256:ad3fe48802a02ec82286ab842c4a09a4e1db765e402f1fcc016f75b6929ec480"
url = "https://github.com/j178/prek/releases/download/v0.5.3/prek-aarch64-unknown-linux-musl.tar.gz"
url_api = "https://api.github.com/repos/j178/prek/releases/assets/560889200"
provenance = "github-attestations"

[tools.prek."platforms.linux-x64"]
checksum = "sha256:d4eae1f31c0817d0a9bfa532d4bb66df60a8b01f121def002021915e826c3d1f"
url = "https://github.com/j178/prek/releases/download/v0.5.3/prek-x86_64-unknown-linux-musl.tar.gz"
url_api = "https://api.github.com/repos/j178/prek/releases/assets/560889232"
provenance = "github-attestations"

[tools.prek."platforms.linux-x64-musl"]
checksum = "sha256:d4eae1f31c0817d0a9bfa532d4bb66df60a8b01f121def002021915e826c3d1f"
url = "https://github.com/j178/prek/releases/download/v0.5.3/prek-x86_64-unknown-linux-musl.tar.gz"
url_api = "https://api.github.com/repos/j178/prek/releases/assets/560889232"
provenance = "github-attestations"

[tools.prek."platforms.macos-arm64"]
checksum = "sha256:6006cc4e69cfc86d55f4e407ca60ba960a521befa54fece94038639b1f4de381"
url = "https://github.com/j178/prek/releases/download/v0.5.3/prek-aarch64-apple-darwin.tar.gz"
url_api = "https://api.github.com/repos/j178/prek/releases/assets/560889174"
provenance = "github-attestations"

[tools.prek."platforms.macos-x64"]
checksum = "sha256:874f05d12e7cb672758295b5253dfd05aadad3c2bcaa42ae712b917294629b07"
url = "https://github.com/j178/prek/releases/download/v0.5.3/prek-x86_64-apple-darwin.tar.gz"
url_api = "https://api.github.com/repos/j178/prek/releases/assets/560889217"
provenance = "github-attestations"

[tools.prek."platforms.windows-x64"]
checksum = "sha256:c15a5636bf93a3937507d8da2302b074b0946b3d35882471b002ea93586728d8"
url = "https://github.com/j178/prek/releases/download/v0.5.3/prek-x86_64-pc-windows-msvc.zip"
url_api = "https://api.github.com/repos/j178/prek/releases/assets/560889220"
provenance = "github-attestations"

[[tools.python]]
version = "3.12.14"
backend = "core:python"

[tools.python."platforms.linux-arm64"]
checksum = "sha256:577b4bec0793ad1ff0cbff9adbd0df078eddde38a4c41bf5d83ad381a85ee39d"
url = "https://github.com/astral-sh/python-build-standalone/releases/download/20260901/cpython-3.12.14+20260901-aarch64-unknown-linux-gnu-install_only_stripped.tar.gz"
provenance = "github-attestations"

[tools.python."platforms.linux-arm64-musl"]
checksum = "sha256:a0ad6f01b9204eba573a08927097b78143c564f98bea68a41ea1e172f041da3a"
url = "https://github.com/astral-sh/python-build-standalone/releases/download/20260901/cpython-3.12.14+20260901-aarch64-unknown-linux-musl-install_only_stripped.tar.gz"
provenance = "github-attestations"

[tools.python."platforms.linux-x64"]
checksum = "sha256:72748da13197c1fb161e3afeef20a6a385ff24f2165e6e2758e47008e7faba4c"
url = "https://github.com/astral-sh/python-build-standalone/releases/download/20260901/cpython-3.12.14+20260901-x86_64-unknown-linux-gnu-install_only_stripped.tar.gz"
provenance = "github-attestations"

[tools.python."platforms.linux-x64-musl"]
checksum = "sha256:1f37044c8cdbd74d5ee112a753c65ef209fedd169c98f3e4e748a93e27eb27a4"
url = "https://github.com/astral-sh/python-build-standalone/releases/download/20260901/cpython-3.12.14+20260901-x86_64-unknown-linux-musl-install_only_stripped.tar.gz"
provenance = "github-attestations"

[tools.python."platforms.macos-arm64"]
checksum = "sha256:81a359f1cfadd4da11766534c5913791cea55f26e1bb902cacd2a531bb1e4b2b"
url = "https://github.com/astral-sh/python-build-standalone/releases/download/20260901/cpython-3.12.14+20260901-aarch64-apple-darwin-install_only_stripped.tar.gz"
provenance = "github-attestations"

[tools.python."platforms.macos-x64"]
checksum = "sha256:65b195c9cedc1fef6767f044f9822069adbd1bd9204d424ece4628776fdc04bb"
url = "https://github.com/astral-sh/python-build-standalone/releases/download/20260901/cpython-3.12.14+20260901-x86_64-apple-darwin-install_only_stripped.tar.gz"
provenance = "github-attestations"

[tools.python."platforms.windows-x64"]
checksum = "sha256:7c45c9622400d578709a9b2cddbe8124cc21d382409d9f13406d706d28e31b14"
url = "https://github.com/astral-sh/python-build-standalone/releases/download/20260901/cpython-3.12.14+20260901-x86_64-pc-windows-msvc-install_only_stripped.tar.gz"
provenance = "github-attestations"

[[tools.uv]]
version = "0.12.15"
backend = "aqua:astral-sh/uv"

[tools.uv."platforms.linux-arm64"]
checksum = "sha256:93b801abb146e6431fb0434346a0162e65d3f0d1cd7360144d04c43488fd7f7d"
url = "https://github.com/astral-sh/uv/releases/download/0.12.15/uv-aarch64-unknown-linux-musl.tar.gz"
url_api = "https://api.github.com/repos/astral-sh/uv/releases/assets/565630769"
provenance = "github-attestations"

[tools.uv."platforms.linux-arm64-musl"]
checksum = "sha256:93b801abb146e6431fb0434346a0162e65d3f0d1cd7360144d04c43488fd7f7d"
url = "https://github.com/astral-sh/uv/releases/download/0.12.15/uv-aarch64-unknown-linux-musl.tar.gz"
url_api = "https://api.github.com/repos/astral-sh/uv/releases/assets/565630769"
provenance = "github-attestations"

[tools.uv."platforms.linux-x64"]
checksum = "sha256:999c0c3da986953e508985c3932d283d2c62eb167b4f8d81e79f565e34104959"
url = "https://github.com/astral-sh/uv/releases/download/0.12.15/uv-x86_64-unknown-linux-musl.tar.gz"
url_api = "https://api.github.com/repos/astral-sh/uv/releases/assets/565630904"
provenance = "github-attestations"

[tools.uv."platforms.linux-x64-musl"]
checksum = "sha256:999c0c3da986953e508985c3932d283d2c62eb167b4f8d81e79f565e34104959"
url = "https://github.com/astral-sh/uv/releases/download/0.12.15/uv-x86_64-unknown-linux-musl.tar.gz"
url_api = "https://api.github.com/repos/astral-sh/uv/releases/assets/565630904"
provenance = "github-attestations"

[tools.uv."platforms.macos-arm64"]
checksum = "sha256:dc304b9ed1b24174572290fba60ac3f6fe63c73a671f0439e62a91375841964d"
url = "https://github.com/astral-sh/uv/releases/download/0.12.15/uv-aarch64-apple-darwin.tar.gz"
url_api = "https://api.github.com/repos/astral-sh/uv/releases/assets/565630750"
provenance = "github-attestations"

[tools.uv."platforms.macos-x64"]
checksum = "sha256:e9ca61775532368fe518ab03e7a354c7ecab8ccb3c7d941c775fcc4a362b801b"
url = "https://github.com/astral-sh/uv/releases/download/0.12.15/uv-x86_64-apple-darwin.tar.gz"
url_api = "https://api.github.com/repos/astral-sh/uv/releases/assets/565630871"
provenance = "github-attestations"

[tools.uv."platforms.windows-x64"]
checksum = "sha256:477bd99a84e34891f2bd4c9152ddeb74e971accccbc59c0f0301f11f08a32d46"
url = "https://github.com/astral-sh/uv/releases/download/0.12.15/uv-x86_64-pc-windows-msvc.zip"
url_api = "https://api.github.com/repos/astral-sh/uv/releases/assets/565630896"
provenance = "github-attestations"
